# THIS IS AN AUTOGENERATED FILE. DO NOT EDIT THIS FILE DIRECTLY.
# yarn lockfile v1


"@reejs/imports@*", "@reejs/imports@2.8.2":
  version "2.8.2"
  resolved "https://registry.yarnpkg.com/@reejs/imports/-/imports-2.8.2.tgz#bb69edee1ba9fb433e6fadc5b95b6578f7b9c934"
  integrity sha512-YaT90hzj1GAg9Ts95gctz08MSzcaI/hVbiFfxKnqtMt79OD4q/NyvbhloB5+2F5xHBdAqCIhX1/ZmkpcrZ1mlQ==
  dependencies:
    "@reejs/utils" latest

"@reejs/server@0.16.2":
  version "0.16.2"
  resolved "https://registry.yarnpkg.com/@reejs/server/-/server-0.16.2.tgz#0165c4fe59508b3d7e9f8b85fde570eab078fa5c"
  integrity sha512-tAvoRA6kAXdDwlcz6XSvuh+nXTnyJ4QFYkdjoRnITFXVHqLjlQgg+14YvrqWDK0O2qDjLg3fPFazkDLsBiOAyg==

"@reejs/utils@1.7.2", "@reejs/utils@latest":
  version "1.7.2"
  resolved "https://registry.yarnpkg.com/@reejs/utils/-/utils-1.7.2.tgz#15f75ec7e3d93aa8ff6c6f3336fd57c7f8680248"
  integrity sha512-3Ob3U/3kbLy9t5Ft8SeyjzIM2nKNqao2PgMMue51k5ccUD55hwU/2w8OvWDPCOPevVIPkNZreIHXEpZtRGvJpQ==
  dependencies:
    "@reejs/imports" "*"

pathe@^1.1.1:
  version "1.1.1"
  resolved "https://registry.yarnpkg.com/pathe/-/pathe-1.1.1.tgz#1dd31d382b974ba69809adc9a7a347e65d84829a"
  integrity sha512-d+RQGp0MAYTIaDBIMmOfMwz3E+LOZnxx1HZd5R18mmCZY0QBlK0LDZfPc8FW8Ed2DlvsuE6PRjroDY+wg4+j/Q==

reejs@^0.16.2:
  version "0.16.2"
  resolved "https://registry.yarnpkg.com/reejs/-/reejs-0.16.2.tgz#2f82dccd3934d4b9ad8b61e90db3dfb55efa0eff"
  integrity sha512-nMPKDHgLwnIL7A0EbJ/J5CZlxiQOVTQii4Bo1HOG69xfc+RalanKJnqZX58ZWcu4W3LJgf6jr5aN9hk8kUhbsQ==
  dependencies:
    "@reejs/imports" "2.8.2"
    "@reejs/server" "0.16.2"
    "@reejs/utils" "1.7.2"
    pathe "^1.1.1"
